
Microsoft Visual Studio Solution File, Format Version 12.00
# Visual Studio Version 17
VisualStudioVersion = 17.4.33205.214
MinimumVisualStudioVersion = 10.0.40219.1
Project("{9A19103F-16F7-4668-BE54-9A1E7A4F7556}") = "SERVER V2", "SERVER V2.csproj", "{978E81F2-5AAE-4DBD-B474-4406D801F576}"
EndProject
Global
	GlobalSection(SolutionConfigurationPlatforms) = preSolution
		Debug|Any CPU = Debug|Any CPU
		Release|Any CPU = Release|Any CPU
	EndGlobalSection
	GlobalSection(ProjectConfigurationPlatforms) = postSolution
		{978E81F2-5AAE-4DBD-B474-4406D801F576}.Debug|Any CPU.ActiveCfg = Debug|Any CPU
		{978E81F2-5AAE-4DBD-B474-4406D801F576}.Debug|Any CPU.Build.0 = Debug|Any CPU
		{978E81F2-5AAE-4DBD-B474-4406D801F576}.Release|Any CPU.ActiveCfg = Release|Any CPU
		{978E81F2-5AAE-4DBD-B474-4406D801F576}.Release|Any CPU.Build.0 = Release|Any CPU
	EndGlobalSection
	GlobalSection(SolutionProperties) = preSolution
		HideSolutionNode = FALSE
	EndGlobalSection
	GlobalSection(ExtensibilityGlobals) = postSolution
		SolutionGuid = {7DA12D8D-3DBB-42DE-9AC3-4688BA5A9CC3}
	EndGlobalSection
EndGlobal
