
Microsoft Visual Studio Solution File, Format Version 12.00
# Visual Studio Version 17
VisualStudioVersion = 17.4.33205.214
MinimumVisualStudioVersion = 10.0.40219.1
Project("{9A19103F-16F7-4668-BE54-9A1E7A4F7556}") = "EPRIN Klient V3", "EPRIN Klient V3.csproj", "{B1BA3594-0988-4507-AB79-88C94ADCAF3B}"
EndProject
Global
	GlobalSection(SolutionConfigurationPlatforms) = preSolution
		Debug|Any CPU = Debug|Any CPU
		Release|Any CPU = Release|Any CPU
	EndGlobalSection
	GlobalSection(ProjectConfigurationPlatforms) = postSolution
		{B1BA3594-0988-4507-AB79-88C94ADCAF3B}.Debug|Any CPU.ActiveCfg = Debug|Any CPU
		{B1BA3594-0988-4507-AB79-88C94ADCAF3B}.Debug|Any CPU.Build.0 = Debug|Any CPU
		{B1BA3594-0988-4507-AB79-88C94ADCAF3B}.Release|Any CPU.ActiveCfg = Release|Any CPU
		{B1BA3594-0988-4507-AB79-88C94ADCAF3B}.Release|Any CPU.Build.0 = Release|Any CPU
	EndGlobalSection
	GlobalSection(SolutionProperties) = preSolution
		HideSolutionNode = FALSE
	EndGlobalSection
	GlobalSection(ExtensibilityGlobals) = postSolution
		SolutionGuid = {4400A69D-087A-41EE-AAC0-475AE60E0E89}
	EndGlobalSection
EndGlobal
